
Microsoft Visual Studio Solution File, Format Version 12.00
# Visual Studio Version 16
VisualStudioVersion = 16.0.30621.155
MinimumVisualStudioVersion = 10.0.40219.1
Project("{9A19103F-16F7-4668-BE54-9A1E7A4F7556}") = "UAB", "UAB.csproj", "{9E301DCA-AC70-4ECC-887D-C68A09433C03}"
EndProject
Project("{9A19103F-16F7-4668-BE54-9A1E7A4F7556}") = "UAB.DAL", "..\UAB.DAL\UAB.DAL.csproj", "{1983CEC6-7664-4766-A64F-0F14BFBD4557}"
EndProject
Global
	GlobalSection(SolutionConfigurationPlatforms) = preSolution
		Debug|Any CPU = Debug|Any CPU
		Release|Any CPU = Release|Any CPU
	EndGlobalSection
	GlobalSection(ProjectConfigurationPlatforms) = postSolution
		{9E301DCA-AC70-4ECC-887D-C68A09433C03}.Debug|Any CPU.ActiveCfg = Debug|Any CPU
		{9E301DCA-AC70-4ECC-887D-C68A09433C03}.Debug|Any CPU.Build.0 = Debug|Any CPU
		{9E301DCA-AC70-4ECC-887D-C68A09433C03}.Release|Any CPU.ActiveCfg = Release|Any CPU
		{9E301DCA-AC70-4ECC-887D-C68A09433C03}.Release|Any CPU.Build.0 = Release|Any CPU
		{1983CEC6-7664-4766-A64F-0F14BFBD4557}.Debug|Any CPU.ActiveCfg = Debug|Any CPU
		{1983CEC6-7664-4766-A64F-0F14BFBD4557}.Debug|Any CPU.Build.0 = Debug|Any CPU
		{1983CEC6-7664-4766-A64F-0F14BFBD4557}.Release|Any CPU.ActiveCfg = Release|Any CPU
		{1983CEC6-7664-4766-A64F-0F14BFBD4557}.Release|Any CPU.Build.0 = Release|Any CPU
	EndGlobalSection
	GlobalSection(SolutionProperties) = preSolution
		HideSolutionNode = FALSE
	EndGlobalSection
	GlobalSection(ExtensibilityGlobals) = postSolution
		SolutionGuid = {786506FE-DAE0-4211-A4B0-82EFC49EE1F4}
	EndGlobalSection
EndGlobal
